// !$*UTF8*$!
{
	archiveVersion = 1;
	classes = {
	};
	objectVersion = 50;
	objects = {

/* Begin PBXBuildFile section */
		ACE53E952403C358003469D6 /* AppDelegate.swift in Sources */ = {isa = PBXBuildFile; fileRef = ACE53E942403C358003469D6 /* AppDelegate.swift */; };
		ACE53E972403C358003469D6 /* SceneDelegate.swift in Sources */ = {isa = PBXBuildFile; fileRef = ACE53E962403C358003469D6 /* SceneDelegate.swift */; };
		ACE53E992403C358003469D6 /* ViewController.swift in Sources */ = {isa = PBXBuildFile; fileRef = ACE53E982403C358003469D6 /* ViewController.swift */; };
		ACE53E9C2403C358003469D6 /* Main.storyboard in Resources */ = {isa = PBXBuildFile; fileRef = ACE53E9A2403C358003469D6 /* Main.storyboard */; };
		ACE53E9E2403C359003469D6 /* Assets.xcassets in Resources */ = {isa = PBXBuildFile; fileRef = ACE53E9D2403C359003469D6 /* Assets.xcassets */; };
		ACE53EA12403C359003469D6 /* LaunchScreen.storyboard in Resources */ = {isa = PBXBuildFile; fileRef = ACE53E9F2403C359003469D6 /* LaunchScreen.storyboard */; };
		ACE53EAA2403C3F6003469D6 /* bird.png in Resources */ = {isa = PBXBuildFile; fileRef = ACE53EA92403C3F6003469D6 /* bird.png */; };
/* End PBXBuildFile section */

/* Begin PBXFileReference section */
		ACE53E912403C358003469D6 /* DynamicCreate.app */ = {isa = PBXFileReference; explicitFileType = wrapper.application; includeInIndex = 0; path = DynamicCreate.app; sourceTree = BUILT_PRODUCTS_DIR; };
		ACE53E942403C358003469D6 /* AppDelegate.swift */ = {isa = PBXFileReference; lastKnownFileType = sourcecode.swift; path = AppDelegate.swift; sourceTree = "<group>"; };
		ACE53E962403C358003469D6 /* SceneDelegate.swift */ = {isa = PBXFileReference; lastKnownFileType = sourcecode.swift; path = SceneDelegate.swift; sourceTree = "<group>"; };
		ACE53E982403C358003469D6 /* ViewController.swift */ = {isa = PBXFileReference; lastKnownFileType = sourcecode.swift; path = ViewController.swift; sourceTree = "<group>"; };
		ACE53E9B2403C358003469D6 /* Base */ = {isa = PBXFileReference; lastKnownFileType = file.storyboard; name = Base; path = Base.lproj/Main.storyboard; sourceTree = "<group>"; };
		ACE53E9D2403C359003469D6 /* Assets.xcassets */ = {isa = PBXFileReference; lastKnownFileType = folder.assetcatalog; path = Assets.xcassets; sourceTree = "<group>"; };
		ACE53EA02403C359003469D6 /* Base */ = {isa = PBXFileReference; lastKnownFileType = file.storyboard; name = Base; path = Base.lproj/LaunchScreen.storyboard; sourceTree = "<group>"; };
		ACE53EA22403C359003469D6 /* Info.plist */ = {isa = PBXFileReference; lastKnownFileType = text.plist.xml; path = Info.plist; sourceTree = "<group>"; };
		ACE53EA92403C3F6003469D6 /* bird.png */ = {isa = PBXFileReference; lastKnownFileType = image.png; path = bird.png; sourceTree = "<group>"; };
/* End PBXFileReference section */

/* Begin PBXFrameworksBuildPhase section */
		ACE53E8E2403C358003469D6 /* Frameworks */ = {
			isa = PBXFrameworksBuildPhase;
			buildActionMask = 2147483647;
			files = (
			);
			runOnlyForDeploymentPostprocessing = 0;
		};
/* End PBXFrameworksBuildPhase section */

/* Begin PBXGroup section */
		ACE53E882403C358003469D6 = {
			isa = PBXGroup;
			children = (
				ACE53EA82403C3E9003469D6 /* images */,
				ACE53E932403C358003469D6 /* DynamicCreate */,
				ACE53E922403C358003469D6 /* Products */,
			);
			sourceTree = "<group>";
		};
		ACE53E922403C358003469D6 /* Products */ = {
			isa = PBXGroup;
			children = (
				ACE53E912403C358003469D6 /* DynamicCreate.app */,
			);
			name = Products;
			sourceTree = "<group>";
		};
		ACE53E932403C358003469D6 /* DynamicCreate */ = {
			isa = PBXGroup;
			children = (
				ACE53E942403C358003469D6 /* AppDelegate.swift */,
				ACE53E962403C358003469D6 /* SceneDelegate.swift */,
				ACE53E982403C358003469D6 /* ViewController.swift */,
				ACE53E9A2403C358003469D6 /* Main.storyboard */,
				ACE53E9D2403C359003469D6 /* Assets.xcassets */,
				ACE53E9F2403C359003469D6 /* LaunchScreen.storyboard */,
				ACE53EA22403C359003469D6 /* Info.plist */,
			);
			path = DynamicCreate;
			sourceTree = "<group>";
		};
		ACE53EA82403C3E9003469D6 /* images */ = {
			isa = PBXGroup;
			children = (
				ACE53EA92403C3F6003469D6 /* bird.png */,
			);
			path = images;
			sourceTree = "<group>";
		};
/* End PBXGroup section */

/* Begin PBXNativeTarget section */
		ACE53E902403C358003469D6 /* DynamicCreate */ = {
			isa = PBXNativeTarget;
			buildConfigurationList = ACE53EA52403C359003469D6 /* Build configuration list for PBXNativeTarget "DynamicCreate" */;
			buildPhases = (
				ACE53E8D2403C358003469D6 /* Sources */,
				ACE53E8E2403C358003469D6 /* Frameworks */,
				ACE53E8F2403C358003469D6 /* Resources */,
			);
			buildRules = (
			);
			dependencies = (
			);
			name = DynamicCreate;
			productName = DynamicCreate;
			productReference = ACE53E912403C358003469D6 /* DynamicCreate.app */;
			productType = "com.apple.product-type.application";
		};
/* End PBXNativeTarget section */

/* Begin PBXProject section */
		ACE53E892403C358003469D6 /* Project object */ = {
			isa = PBXProject;
			attributes = {
				LastSwiftUpdateCheck = 1130;
				LastUpgradeCheck = 1130;
				ORGANIZATIONNAME = "zino-mac";
				TargetAttributes = {
					ACE53E902403C358003469D6 = {
						CreatedOnToolsVersion = 11.3.1;
					};
				};
			};
			buildConfigurationList = ACE53E8C2403C358003469D6 /* Build configuration list for PBXProject "DynamicCreate" */;
			compatibilityVersion = "Xcode 9.3";
			developmentRegion = en;
			hasScannedForEncodings = 0;
			knownRegions = (
				en,
				Base,
			);
			mainGroup = ACE53E882403C358003469D6;
			productRefGroup = ACE53E922403C358003469D6 /* Products */;
			projectDirPath = "";
			projectRoot = "";
			targets = (
				ACE53E902403C358003469D6 /* DynamicCreate */,
			);
		};
/* End PBXProject section */

/* Begin PBXResourcesBuildPhase section */
		ACE53E8F2403C358003469D6 /* Resources */ = {
			isa = PBXResourcesBuildPhase;
			buildActionMask = 2147483647;
			files = (
				ACE53EAA2403C3F6003469D6 /* bird.png in Resources */,
				ACE53EA12403C359003469D6 /* LaunchScreen.storyboard in Resources */,
				ACE53E9E2403C359003469D6 /* Assets.xcassets in Resources */,
				ACE53E9C2403C358003469D6 /* Main.storyboard in Resources */,
			);
			runOnlyForDeploymentPostprocessing = 0;
		};
/* End PBXResourcesBuildPhase section */

/* Begin PBXSourcesBuildPhase section */
		ACE53E8D2403C358003469D6 /* Sources */ = {
			isa = PBXSourcesBuildPhase;
			buildActionMask = 2147483647;
			files = (
				ACE53E992403C358003469D6 /* ViewController.swift in Sources */,
				ACE53E952403C358003469D6 /* AppDelegate.swift in Sources */,
				ACE53E972403C358003469D6 /* SceneDelegate.swift in Sources */,
			);
			runOnlyForDeploymentPostprocessing = 0;
		};
/* End PBXSourcesBuildPhase section */

/* Begin PBXVariantGroup section */
		ACE53E9A2403C358003469D6 /* Main.storyboard */ = {
			isa = PBXVariantGroup;
			children = (
				ACE53E9B2403C358003469D6 /* Base */,
			);
			name = Main.storyboard;
			sourceTree = "<group>";
		};
		ACE53E9F2403C359003469D6 /* LaunchScreen.storyboard */ = {
			isa = PBXVariantGroup;
			children = (
				ACE53EA02403C359003469D6 /* Base */,
			);
			name = LaunchScreen.storyboard;
			sourceTree = "<group>";
		};
/* End PBXVariantGroup section */

/* Begin XCBuildConfiguration section */
		ACE53EA32403C359003469D6 /* Debug */ = {
			isa = XCBuildConfiguration;
			buildSettings = {
				ALWAYS_SEARCH_USER_PATHS = NO;
				CLANG_ANALYZER_NONNULL = YES;
				CLANG_ANALYZER_NUMBER_OBJECT_CONVERSION = YES_AGGRESSIVE;
				CLANG_CXX_LANGUAGE_STANDARD = "gnu++14";
				CLANG_CXX_LIBRARY = "libc++";
				CLANG_ENABLE_MODULES = YES;
				CLANG_ENABLE_OBJC_ARC = YES;
				CLANG_ENABLE_OBJC_WEAK = YES;
				CLANG_WARN_BLOCK_CAPTURE_AUTORELEASING = YES;
				CLANG_WARN_BOOL_CONVERSION = YES;
				CLANG_WARN_COMMA = YES;
				CLANG_WARN_CONSTANT_CONVERSION = YES;
				CLANG_WARN_DEPRECATED_OBJC_IMPLEMENTATIONS = YES;
				CLANG_WARN_DIRECT_OBJC_ISA_USAGE = YES_ERROR;
				CLANG_WARN_DOCUMENTATION_COMMENTS = YES;
				CLANG_WARN_EMPTY_BODY = YES;
				CLANG_WARN_ENUM_CONVERSION = YES;
				CLANG_WARN_INFINITE_RECURSION = YES;
				CLANG_WARN_INT_CONVERSION = YES;
				CLANG_WARN_NON_LITERAL_NULL_CONVERSION = YES;
				CLANG_WARN_OBJC_IMPLICIT_RETAIN_SELF = YES;
				CLANG_WARN_OBJC_LITERAL_CONVERSION = YES;
				CLANG_WARN_OBJC_ROOT_CLASS = YES_ERROR;
				CLANG_WARN_RANGE_LOOP_ANALYSIS = YES;
				CLANG_WARN_STRICT_PROTOTYPES = YES;
				CLANG_WARN_SUSPICIOUS_MOVE = YES;
				CLANG_WARN_UNGUARDED_AVAILABILITY = YES_AGGRESSIVE;
				CLANG_WARN_UNREACHABLE_CODE = YES;
				CLANG_WARN__DUPLICATE_METHOD_MATCH = YES;
				COPY_PHASE_STRIP = NO;
				DEBUG_INFORMATION_FORMAT = dwarf;
				ENABLE_STRICT_OBJC_MSGSEND = YES;
				ENABLE_TESTABILITY = YES;
				GCC_C_LANGUAGE_STANDARD = gnu11;
				GCC_DYNAMIC_NO_PIC = NO;
				GCC_NO_COMMON_BLOCKS = YES;
				GCC_OPTIMIZATION_LEVEL = 0;
				GCC_PREPROCESSOR_DEFINITIONS = (
					"DEBUG=1",
					"$(inherited)",
				);
				GCC_WARN_64_TO_32_BIT_CONVERSION = YES;
				GCC_WARN_ABOUT_RETURN_TYPE = YES_ERROR;
				GCC_WARN_UNDECLARED_SELECTOR = YES;
				GCC_WARN_UNINITIALIZED_AUTOS = YES_AGGRESSIVE;
				GCC_WARN_UNUSED_FUNCTION = YES;
				GCC_WARN_UNUSED_VARIABLE = YES;
				IPHONEOS_DEPLOYMENT_TARGET = 13.2;
				MTL_ENABLE_DEBUG_INFO = INCLUDE_SOURCE;
				MTL_FAST_MATH = YES;
				ONLY_ACTIVE_ARCH = YES;
				SDKROOT = iphoneos;
				SWIFT_ACTIVE_COMPILATION_CONDITIONS = DEBUG;
				SWIFT_OPTIMIZATION_LEVEL = "-Onone";
			};
			name = Debug;
		};
		ACE53EA42403C359003469D6 /* Release */ = {
			isa = XCBuildConfiguration;
			buildSettings = {
				ALWAYS_SEARCH_USER_PATHS = NO;
				CLANG_ANALYZER_NONNULL = YES;
				CLANG_ANALYZER_NUMBER_OBJECT_CONVERSION = YES_AGGRESSIVE;
				CLANG_CXX_LANGUAGE_STANDARD = "gnu++14";
				CLANG_CXX_LIBRARY = "libc++";
				CLANG_ENABLE_MODULES = YES;
				CLANG_ENABLE_OBJC_ARC = YES;
				CLANG_ENABLE_OBJC_WEAK = YES;
				CLANG_WARN_BLOCK_CAPTURE_AUTORELEASING = YES;
				CLANG_WARN_BOOL_CONVERSION = YES;
				CLANG_WARN_COMMA = YES;
				CLANG_WARN_CONSTANT_CONVERSION = YES;
				CLANG_WARN_DEPRECATED_OBJC_IMPLEMENTATIONS = YES;
				CLANG_WARN_DIRECT_OBJC_ISA_USAGE = YES_ERROR;
				CLANG_WARN_DOCUMENTATION_COMMENTS = YES;
				CLANG_WARN_EMPTY_BODY = YES;
				CLANG_WARN_ENUM_CONVERSION = YES;
				CLANG_WARN_INFINITE_RECURSION = YES;
				CLANG_WARN_INT_CONVERSION = YES;
				CLANG_WARN_NON_LITERAL_NULL_CONVERSION = YES;
				CLANG_WARN_OBJC_IMPLICIT_RETAIN_SELF = YES;
				CLANG_WARN_OBJC_LITERAL_CONVERSION = YES;
				CLANG_WARN_OBJC_ROOT_CLASS = YES_ERROR;
				CLANG_WARN_RANGE_LOOP_ANALYSIS = YES;
				CLANG_WARN_STRICT_PROTOTYPES = YES;
				CLANG_WARN_SUSPICIOUS_MOVE = YES;
				CLANG_WARN_UNGUARDED_AVAILABILITY = YES_AGGRESSIVE;
				CLANG_WARN_UNREACHABLE_CODE = YES;
				CLANG_WARN__DUPLICATE_METHOD_MATCH = YES;
				COPY_PHASE_STRIP = NO;
				DEBUG_INFORMATION_FORMAT = "dwarf-with-dsym";
				ENABLE_NS_ASSERTIONS = NO;
				ENABLE_STRICT_OBJC_MSGSEND = YES;
				GCC_C_LANGUAGE_STANDARD = gnu11;
				GCC_NO_COMMON_BLOCKS = YES;
				GCC_WARN_64_TO_32_BIT_CONVERSION = YES;
				GCC_WARN_ABOUT_RETURN_TYPE = YES_ERROR;
				GCC_WARN_UNDECLARED_SELECTOR = YES;
				GCC_WARN_UNINITIALIZED_AUTOS = YES_AGGRESSIVE;
				GCC_WARN_UNUSED_FUNCTION = YES;
				GCC_WARN_UNUSED_VARIABLE = YES;
				IPHONEOS_DEPLOYMENT_TARGET = 13.2;
				MTL_ENABLE_DEBUG_INFO = NO;
				MTL_FAST_MATH = YES;
				SDKROOT = iphoneos;
				SWIFT_COMPILATION_MODE = wholemodule;
				SWIFT_OPTIMIZATION_LEVEL = "-O";
				VALIDATE_PRODUCT = YES;
			};
			name = Release;
		};
		ACE53EA62403C359003469D6 /* Debug */ = {
			isa = XCBuildConfiguration;
			buildSettings = {
				ASSETCATALOG_COMPILER_APPICON_NAME = AppIcon;
				CODE_SIGN_STYLE = Automatic;
				INFOPLIST_FILE = DynamicCreate/Info.plist;
				LD_RUNPATH_SEARCH_PATHS = (
					"$(inherited)",
					"@executable_path/Frameworks",
				);
				PRODUCT_BUNDLE_IDENTIFIER = com.minssam.DynamicCreate;
				PRODUCT_NAME = "$(TARGET_NAME)";
				SWIFT_VERSION = 5.0;
				TARGETED_DEVICE_FAMILY = "1,2";
			};
			name = Debug;
		};
		ACE53EA72403C359003469D6 /* Release */ = {
			isa = XCBuildConfiguration;
			buildSettings = {
				ASSETCATALOG_COMPILER_APPICON_NAME = AppIcon;
				CODE_SIGN_STYLE = Automatic;
				INFOPLIST_FILE = DynamicCreate/Info.plist;
				LD_RUNPATH_SEARCH_PATHS = (
					"$(inherited)",
					"@executable_path/Frameworks",
				);
				PRODUCT_BUNDLE_IDENTIFIER = com.minssam.DynamicCreate;
				PRODUCT_NAME = "$(TARGET_NAME)";
				SWIFT_VERSION = 5.0;
				TARGETED_DEVICE_FAMILY = "1,2";
			};
			name = Release;
		};
/* End XCBuildConfiguration section */

/* Begin XCConfigurationList section */
		ACE53E8C2403C358003469D6 /* Build configuration list for PBXProject "DynamicCreate" */ = {
			isa = XCConfigurationList;
			buildConfigurations = (
				ACE53EA32403C359003469D6 /* Debug */,
				ACE53EA42403C359003469D6 /* Release */,
			);
			defaultConfigurationIsVisible = 0;
			defaultConfigurationName = Release;
		};
		ACE53EA52403C359003469D6 /* Build configuration list for PBXNativeTarget "DynamicCreate" */ = {
			isa = XCConfigurationList;
			buildConfigurations = (
				ACE53EA62403C359003469D6 /* Debug */,
				ACE53EA72403C359003469D6 /* Release */,
			);
			defaultConfigurationIsVisible = 0;
			defaultConfigurationName = Release;
		};
/* End XCConfigurationList section */
	};
	rootObject = ACE53E892403C358003469D6 /* Project object */;
}
